
Microsoft Visual Studio Solution File, Format Version 12.00
# Visual Studio Version 17
VisualStudioVersion = 17.14.36109.1 d17.14
MinimumVisualStudioVersion = 10.0.40219.1
Project("{FAE04EC0-301F-11D3-BF4B-00C04F79EFBC}") = "MovieManager", "MovieManager\MovieManager.csproj", "{14CEEED1-FF92-4580-9751-DCD4463A4B39}"
EndProject
Global
	GlobalSection(SolutionConfigurationPlatforms) = preSolution
		Debug|Any CPU = Debug|Any CPU
		Release|Any CPU = Release|Any CPU
	EndGlobalSection
	GlobalSection(ProjectConfigurationPlatforms) = postSolution
		{14CEEED1-FF92-4580-9751-DCD4463A4B39}.Debug|Any CPU.ActiveCfg = Debug|Any CPU
		{14CEEED1-FF92-4580-9751-DCD4463A4B39}.Debug|Any CPU.Build.0 = Debug|Any CPU
		{14CEEED1-FF92-4580-9751-DCD4463A4B39}.Release|Any CPU.ActiveCfg = Release|Any CPU
		{14CEEED1-FF92-4580-9751-DCD4463A4B39}.Release|Any CPU.Build.0 = Release|Any CPU
	EndGlobalSection
	GlobalSection(SolutionProperties) = preSolution
		HideSolutionNode = FALSE
	EndGlobalSection
	GlobalSection(ExtensibilityGlobals) = postSolution
		SolutionGuid = {53CE440C-B942-43A1-A38F-856187A43085}
	EndGlobalSection
EndGlobal
